// !$*UTF8*$!
{
	archiveVersion = 1;
	classes = {
	};
	objectVersion = 46;
	objects = {

/* Begin PBXBuildFile section */
		DC54EDBC1C887F7F004E448C /* main.m in Sources */ = {isa = PBXBuildFile; fileRef = DC54EDBB1C887F7F004E448C /* main.m */; };
		DC54EDBF1C887F7F004E448C /* AppDelegate.m in Sources */ = {isa = PBXBuildFile; fileRef = DC54EDBE1C887F7F004E448C /* AppDelegate.m */; };
		DC54EDC51C887F7F004E448C /* Main.storyboard in Resources */ = {isa = PBXBuildFile; fileRef = DC54EDC31C887F7F004E448C /* Main.storyboard */; };
		DC54EDC71C887F7F004E448C /* Assets.xcassets in Resources */ = {isa = PBXBuildFile; fileRef = DC54EDC61C887F7F004E448C /* Assets.xcassets */; };
		DC54EDCA1C887F7F004E448C /* LaunchScreen.storyboard in Resources */ = {isa = PBXBuildFile; fileRef = DC54EDC81C887F7F004E448C /* LaunchScreen.storyboard */; };
		DC54EDD41C888356004E448C /* CDZQRScanningViewController.m in Sources */ = {isa = PBXBuildFile; fileRef = DC54EDD31C888356004E448C /* CDZQRScanningViewController.m */; };
		DC54EDD61C888367004E448C /* Internal_CDZQRScanningViewController.podspec in Resources */ = {isa = PBXBuildFile; fileRef = DC54EDD51C888367004E448C /* Internal_CDZQRScanningViewController.podspec */; };
		DC54EDD91C8883B0004E448C /* CDZDiscoveredBarCodeView.m in Sources */ = {isa = PBXBuildFile; fileRef = DC54EDD81C8883B0004E448C /* CDZDiscoveredBarCodeView.m */; };
/* End PBXBuildFile section */

/* Begin PBXFileReference section */
		DC54EDB71C887F7F004E448C /* CDZQRScanningViewController.app */ = {isa = PBXFileReference; explicitFileType = wrapper.application; includeInIndex = 0; path = CDZQRScanningViewController.app; sourceTree = BUILT_PRODUCTS_DIR; };
		DC54EDBB1C887F7F004E448C /* main.m */ = {isa = PBXFileReference; lastKnownFileType = sourcecode.c.objc; path = main.m; sourceTree = "<group>"; };
		DC54EDBD1C887F7F004E448C /* AppDelegate.h */ = {isa = PBXFileReference; lastKnownFileType = sourcecode.c.h; path = AppDelegate.h; sourceTree = "<group>"; };
		DC54EDBE1C887F7F004E448C /* AppDelegate.m */ = {isa = PBXFileReference; lastKnownFileType = sourcecode.c.objc; path = AppDelegate.m; sourceTree = "<group>"; };
		DC54EDC41C887F7F004E448C /* Base */ = {isa = PBXFileReference; lastKnownFileType = file.storyboard; name = Base; path = Base.lproj/Main.storyboard; sourceTree = "<group>"; };
		DC54EDC61C887F7F004E448C /* Assets.xcassets */ = {isa = PBXFileReference; lastKnownFileType = folder.assetcatalog; path = Assets.xcassets; sourceTree = "<group>"; };
		DC54EDC91C887F7F004E448C /* Base */ = {isa = PBXFileReference; lastKnownFileType = file.storyboard; name = Base; path = Base.lproj/LaunchScreen.storyboard; sourceTree = "<group>"; };
		DC54EDCB1C887F7F004E448C /* Info.plist */ = {isa = PBXFileReference; lastKnownFileType = text.plist.xml; path = Info.plist; sourceTree = "<group>"; };
		DC54EDD21C888356004E448C /* CDZQRScanningViewController.h */ = {isa = PBXFileReference; fileEncoding = 4; lastKnownFileType = sourcecode.c.h; path = CDZQRScanningViewController.h; sourceTree = "<group>"; };
		DC54EDD31C888356004E448C /* CDZQRScanningViewController.m */ = {isa = PBXFileReference; fileEncoding = 4; lastKnownFileType = sourcecode.c.objc; path = CDZQRScanningViewController.m; sourceTree = "<group>"; };
		DC54EDD51C888367004E448C /* Internal_CDZQRScanningViewController.podspec */ = {isa = PBXFileReference; fileEncoding = 4; lastKnownFileType = text; path = Internal_CDZQRScanningViewController.podspec; sourceTree = "<group>"; };
		DC54EDD71C8883B0004E448C /* CDZDiscoveredBarCodeView.h */ = {isa = PBXFileReference; fileEncoding = 4; lastKnownFileType = sourcecode.c.h; path = CDZDiscoveredBarCodeView.h; sourceTree = "<group>"; };
		DC54EDD81C8883B0004E448C /* CDZDiscoveredBarCodeView.m */ = {isa = PBXFileReference; fileEncoding = 4; lastKnownFileType = sourcecode.c.objc; path = CDZDiscoveredBarCodeView.m; sourceTree = "<group>"; };
/* End PBXFileReference section */

/* Begin PBXFrameworksBuildPhase section */
		DC54EDB41C887F7F004E448C /* Frameworks */ = {
			isa = PBXFrameworksBuildPhase;
			buildActionMask = 2147483647;
			files = (
			);
			runOnlyForDeploymentPostprocessing = 0;
		};
/* End PBXFrameworksBuildPhase section */

/* Begin PBXGroup section */
		DC54EDAE1C887F7F004E448C = {
			isa = PBXGroup;
			children = (
				DC54EDD51C888367004E448C /* Internal_CDZQRScanningViewController.podspec */,
				DC54EDD11C888347004E448C /* Source */,
				DC54EDB91C887F7F004E448C /* CDZQRScanningViewController */,
				DC54EDB81C887F7F004E448C /* Products */,
			);
			sourceTree = "<group>";
		};
		DC54EDB81C887F7F004E448C /* Products */ = {
			isa = PBXGroup;
			children = (
				DC54EDB71C887F7F004E448C /* CDZQRScanningViewController.app */,
			);
			name = Products;
			sourceTree = "<group>";
		};
		DC54EDB91C887F7F004E448C /* CDZQRScanningViewController */ = {
			isa = PBXGroup;
			children = (
				DC54EDBD1C887F7F004E448C /* AppDelegate.h */,
				DC54EDBE1C887F7F004E448C /* AppDelegate.m */,
				DC54EDC31C887F7F004E448C /* Main.storyboard */,
				DC54EDC61C887F7F004E448C /* Assets.xcassets */,
				DC54EDC81C887F7F004E448C /* LaunchScreen.storyboard */,
				DC54EDCB1C887F7F004E448C /* Info.plist */,
				DC54EDBA1C887F7F004E448C /* Supporting Files */,
			);
			path = CDZQRScanningViewController;
			sourceTree = "<group>";
		};
		DC54EDBA1C887F7F004E448C /* Supporting Files */ = {
			isa = PBXGroup;
			children = (
				DC54EDBB1C887F7F004E448C /* main.m */,
			);
			name = "Supporting Files";
			sourceTree = "<group>";
		};
		DC54EDD11C888347004E448C /* Source */ = {
			isa = PBXGroup;
			children = (
				DC54EDD21C888356004E448C /* CDZQRScanningViewController.h */,
				DC54EDD31C888356004E448C /* CDZQRScanningViewController.m */,
				DC54EDD71C8883B0004E448C /* CDZDiscoveredBarCodeView.h */,
				DC54EDD81C8883B0004E448C /* CDZDiscoveredBarCodeView.m */,
			);
			name = Source;
			path = ../Source;
			sourceTree = "<group>";
		};
/* End PBXGroup section */

/* Begin PBXNativeTarget section */
		DC54EDB61C887F7F004E448C /* CDZQRScanningViewController */ = {
			isa = PBXNativeTarget;
			buildConfigurationList = DC54EDCE1C887F7F004E448C /* Build configuration list for PBXNativeTarget "CDZQRScanningViewController" */;
			buildPhases = (
				DC54EDB31C887F7F004E448C /* Sources */,
				DC54EDB41C887F7F004E448C /* Frameworks */,
				DC54EDB51C887F7F004E448C /* Resources */,
			);
			buildRules = (
			);
			dependencies = (
			);
			name = CDZQRScanningViewController;
			productName = CDZQRScanningViewController;
			productReference = DC54EDB71C887F7F004E448C /* CDZQRScanningViewController.app */;
			productType = "com.apple.product-type.application";
		};
/* End PBXNativeTarget section */

/* Begin PBXProject section */
		DC54EDAF1C887F7F004E448C /* Project object */ = {
			isa = PBXProject;
			attributes = {
				LastUpgradeCheck = 0720;
				ORGANIZATIONNAME = Tasboa;
				TargetAttributes = {
					DC54EDB61C887F7F004E448C = {
						CreatedOnToolsVersion = 7.2.1;
					};
				};
			};
			buildConfigurationList = DC54EDB21C887F7F004E448C /* Build configuration list for PBXProject "CDZQRScanningViewController" */;
			compatibilityVersion = "Xcode 3.2";
			developmentRegion = English;
			hasScannedForEncodings = 0;
			knownRegions = (
				en,
				Base,
			);
			mainGroup = DC54EDAE1C887F7F004E448C;
			productRefGroup = DC54EDB81C887F7F004E448C /* Products */;
			projectDirPath = "";
			projectRoot = "";
			targets = (
				DC54EDB61C887F7F004E448C /* CDZQRScanningViewController */,
			);
		};
/* End PBXProject section */

/* Begin PBXResourcesBuildPhase section */
		DC54EDB51C887F7F004E448C /* Resources */ = {
			isa = PBXResourcesBuildPhase;
			buildActionMask = 2147483647;
			files = (
				DC54EDD61C888367004E448C /* Internal_CDZQRScanningViewController.podspec in Resources */,
				DC54EDCA1C887F7F004E448C /* LaunchScreen.storyboard in Resources */,
				DC54EDC71C887F7F004E448C /* Assets.xcassets in Resources */,
				DC54EDC51C887F7F004E448C /* Main.storyboard in Resources */,
			);
			runOnlyForDeploymentPostprocessing = 0;
		};
/* End PBXResourcesBuildPhase section */

/* Begin PBXSourcesBuildPhase section */
		DC54EDB31C887F7F004E448C /* Sources */ = {
			isa = PBXSourcesBuildPhase;
			buildActionMask = 2147483647;
			files = (
				DC54EDD41C888356004E448C /* CDZQRScanningViewController.m in Sources */,
				DC54EDBF1C887F7F004E448C /* AppDelegate.m in Sources */,
				DC54EDBC1C887F7F004E448C /* main.m in Sources */,
				DC54EDD91C8883B0004E448C /* CDZDiscoveredBarCodeView.m in Sources */,
			);
			runOnlyForDeploymentPostprocessing = 0;
		};
/* End PBXSourcesBuildPhase section */

/* Begin PBXVariantGroup section */
		DC54EDC31C887F7F004E448C /* Main.storyboard */ = {
			isa = PBXVariantGroup;
			children = (
				DC54EDC41C887F7F004E448C /* Base */,
			);
			name = Main.storyboard;
			sourceTree = "<group>";
		};
		DC54EDC81C887F7F004E448C /* LaunchScreen.storyboard */ = {
			isa = PBXVariantGroup;
			children = (
				DC54EDC91C887F7F004E448C /* Base */,
			);
			name = LaunchScreen.storyboard;
			sourceTree = "<group>";
		};
/* End PBXVariantGroup section */

/* Begin XCBuildConfiguration section */
		DC54EDCC1C887F7F004E448C /* Debug */ = {
			isa = XCBuildConfiguration;
			buildSettings = {
				ALWAYS_SEARCH_USER_PATHS = NO;
				CLANG_CXX_LANGUAGE_STANDARD = "gnu++0x";
				CLANG_CXX_LIBRARY = "libc++";
				CLANG_ENABLE_MODULES = YES;
				CLANG_ENABLE_OBJC_ARC = YES;
				CLANG_WARN_BOOL_CONVERSION = YES;
				CLANG_WARN_CONSTANT_CONVERSION = YES;
				CLANG_WARN_DIRECT_OBJC_ISA_USAGE = YES_ERROR;
				CLANG_WARN_EMPTY_BODY = YES;
				CLANG_WARN_ENUM_CONVERSION = YES;
				CLANG_WARN_INT_CONVERSION = YES;
				CLANG_WARN_OBJC_ROOT_CLASS = YES_ERROR;
				CLANG_WARN_UNREACHABLE_CODE = YES;
				CLANG_WARN__DUPLICATE_METHOD_MATCH = YES;
				"CODE_SIGN_IDENTITY[sdk=iphoneos*]" = "iPhone Developer";
				COPY_PHASE_STRIP = NO;
				DEBUG_INFORMATION_FORMAT = dwarf;
				ENABLE_STRICT_OBJC_MSGSEND = YES;
				ENABLE_TESTABILITY = YES;
				GCC_C_LANGUAGE_STANDARD = gnu99;
				GCC_DYNAMIC_NO_PIC = NO;
				GCC_NO_COMMON_BLOCKS = YES;
				GCC_OPTIMIZATION_LEVEL = 0;
				GCC_PREPROCESSOR_DEFINITIONS = (
					"DEBUG=1",
					"$(inherited)",
				);
				GCC_WARN_64_TO_32_BIT_CONVERSION = YES;
				GCC_WARN_ABOUT_RETURN_TYPE = YES_ERROR;
				GCC_WARN_UNDECLARED_SELECTOR = YES;
				GCC_WARN_UNINITIALIZED_AUTOS = YES_AGGRESSIVE;
				GCC_WARN_UNUSED_FUNCTION = YES;
				GCC_WARN_UNUSED_VARIABLE = YES;
				IPHONEOS_DEPLOYMENT_TARGET = 9.2;
				MTL_ENABLE_DEBUG_INFO = YES;
				ONLY_ACTIVE_ARCH = YES;
				SDKROOT = iphoneos;
				TARGETED_DEVICE_FAMILY = "1,2";
			};
			name = Debug;
		};
		DC54EDCD1C887F7F004E448C /* Release */ = {
			isa = XCBuildConfiguration;
			buildSettings = {
				ALWAYS_SEARCH_USER_PATHS = NO;
				CLANG_CXX_LANGUAGE_STANDARD = "gnu++0x";
				CLANG_CXX_LIBRARY = "libc++";
				CLANG_ENABLE_MODULES = YES;
				CLANG_ENABLE_OBJC_ARC = YES;
				CLANG_WARN_BOOL_CONVERSION = YES;
				CLANG_WARN_CONSTANT_CONVERSION = YES;
				CLANG_WARN_DIRECT_OBJC_ISA_USAGE = YES_ERROR;
				CLANG_WARN_EMPTY_BODY = YES;
				CLANG_WARN_ENUM_CONVERSION = YES;
				CLANG_WARN_INT_CONVERSION = YES;
				CLANG_WARN_OBJC_ROOT_CLASS = YES_ERROR;
				CLANG_WARN_UNREACHABLE_CODE = YES;
				CLANG_WARN__DUPLICATE_METHOD_MATCH = YES;
				"CODE_SIGN_IDENTITY[sdk=iphoneos*]" = "iPhone Developer";
				COPY_PHASE_STRIP = NO;
				DEBUG_INFORMATION_FORMAT = "dwarf-with-dsym";
				ENABLE_NS_ASSERTIONS = NO;
				ENABLE_STRICT_OBJC_MSGSEND = YES;
				GCC_C_LANGUAGE_STANDARD = gnu99;
				GCC_NO_COMMON_BLOCKS = YES;
				GCC_WARN_64_TO_32_BIT_CONVERSION = YES;
				GCC_WARN_ABOUT_RETURN_TYPE = YES_ERROR;
				GCC_WARN_UNDECLARED_SELECTOR = YES;
				GCC_WARN_UNINITIALIZED_AUTOS = YES_AGGRESSIVE;
				GCC_WARN_UNUSED_FUNCTION = YES;
				GCC_WARN_UNUSED_VARIABLE = YES;
				IPHONEOS_DEPLOYMENT_TARGET = 9.2;
				MTL_ENABLE_DEBUG_INFO = NO;
				SDKROOT = iphoneos;
				TARGETED_DEVICE_FAMILY = "1,2";
				VALIDATE_PRODUCT = YES;
			};
			name = Release;
		};
		DC54EDCF1C887F7F004E448C /* Debug */ = {
			isa = XCBuildConfiguration;
			buildSettings = {
				ASSETCATALOG_COMPILER_APPICON_NAME = AppIcon;
				INFOPLIST_FILE = CDZQRScanningViewController/Info.plist;
				LD_RUNPATH_SEARCH_PATHS = "$(inherited) @executable_path/Frameworks";
				PRODUCT_BUNDLE_IDENTIFIER = com.geteventfuel.CDZQRScanningViewController;
				PRODUCT_NAME = "$(TARGET_NAME)";
			};
			name = Debug;
		};
		DC54EDD01C887F7F004E448C /* Release */ = {
			isa = XCBuildConfiguration;
			buildSettings = {
				ASSETCATALOG_COMPILER_APPICON_NAME = AppIcon;
				INFOPLIST_FILE = CDZQRScanningViewController/Info.plist;
				LD_RUNPATH_SEARCH_PATHS = "$(inherited) @executable_path/Frameworks";
				PRODUCT_BUNDLE_IDENTIFIER = com.geteventfuel.CDZQRScanningViewController;
				PRODUCT_NAME = "$(TARGET_NAME)";
			};
			name = Release;
		};
/* End XCBuildConfiguration section */

/* Begin XCConfigurationList section */
		DC54EDB21C887F7F004E448C /* Build configuration list for PBXProject "CDZQRScanningViewController" */ = {
			isa = XCConfigurationList;
			buildConfigurations = (
				DC54EDCC1C887F7F004E448C /* Debug */,
				DC54EDCD1C887F7F004E448C /* Release */,
			);
			defaultConfigurationIsVisible = 0;
			defaultConfigurationName = Release;
		};
		DC54EDCE1C887F7F004E448C /* Build configuration list for PBXNativeTarget "CDZQRScanningViewController" */ = {
			isa = XCConfigurationList;
			buildConfigurations = (
				DC54EDCF1C887F7F004E448C /* Debug */,
				DC54EDD01C887F7F004E448C /* Release */,
			);
			defaultConfigurationIsVisible = 0;
		};
/* End XCConfigurationList section */
	};
	rootObject = DC54EDAF1C887F7F004E448C /* Project object */;
}
